
Microsoft Visual Studio Solution File, Format Version 12.00
# Visual Studio Version 16
VisualStudioVersion = 16.0.31515.178
MinimumVisualStudioVersion = 10.0.40219.1
Project("{9A19103F-16F7-4668-BE54-9A1E7A4F7556}") = "ItvTicketsService.Server", "ItvTicketsService\Server\ItvTicketsService.Server.csproj", "{51899B5C-9754-4F3A-9DCD-F0EC7774F9FB}"
EndProject
Project("{9A19103F-16F7-4668-BE54-9A1E7A4F7556}") = "ItvTicketsService.Client", "ItvTicketsService\Client\ItvTicketsService.Client.csproj", "{4A7F7D72-1CBD-4D28-B1D1-3D3667D498B8}"
EndProject
Project("{9A19103F-16F7-4668-BE54-9A1E7A4F7556}") = "ItvTicketsService.Shared", "ItvTicketsService\Shared\ItvTicketsService.Shared.csproj", "{5757BB85-52CC-43AA-A3A8-A92B90E2F201}"
EndProject
Project("{00D1A9C2-B5F0-4AF3-8072-F6C62B433612}") = "Database", "ItvTicketsService\Database\Database.sqlproj", "{C6E36EFF-7CFA-4482-81F2-C7CB6B05528A}"
EndProject
Global
	GlobalSection(SolutionConfigurationPlatforms) = preSolution
		Debug|Any CPU = Debug|Any CPU
		Release|Any CPU = Release|Any CPU
	EndGlobalSection
	GlobalSection(ProjectConfigurationPlatforms) = postSolution
		{51899B5C-9754-4F3A-9DCD-F0EC7774F9FB}.Debug|Any CPU.ActiveCfg = Debug|Any CPU
		{51899B5C-9754-4F3A-9DCD-F0EC7774F9FB}.Debug|Any CPU.Build.0 = Debug|Any CPU
		{51899B5C-9754-4F3A-9DCD-F0EC7774F9FB}.Release|Any CPU.ActiveCfg = Release|Any CPU
		{51899B5C-9754-4F3A-9DCD-F0EC7774F9FB}.Release|Any CPU.Build.0 = Release|Any CPU
		{4A7F7D72-1CBD-4D28-B1D1-3D3667D498B8}.Debug|Any CPU.ActiveCfg = Debug|Any CPU
		{4A7F7D72-1CBD-4D28-B1D1-3D3667D498B8}.Debug|Any CPU.Build.0 = Debug|Any CPU
		{4A7F7D72-1CBD-4D28-B1D1-3D3667D498B8}.Release|Any CPU.ActiveCfg = Release|Any CPU
		{4A7F7D72-1CBD-4D28-B1D1-3D3667D498B8}.Release|Any CPU.Build.0 = Release|Any CPU
		{5757BB85-52CC-43AA-A3A8-A92B90E2F201}.Debug|Any CPU.ActiveCfg = Debug|Any CPU
		{5757BB85-52CC-43AA-A3A8-A92B90E2F201}.Debug|Any CPU.Build.0 = Debug|Any CPU
		{5757BB85-52CC-43AA-A3A8-A92B90E2F201}.Release|Any CPU.ActiveCfg = Release|Any CPU
		{5757BB85-52CC-43AA-A3A8-A92B90E2F201}.Release|Any CPU.Build.0 = Release|Any CPU
		{C6E36EFF-7CFA-4482-81F2-C7CB6B05528A}.Debug|Any CPU.ActiveCfg = Debug|Any CPU
		{C6E36EFF-7CFA-4482-81F2-C7CB6B05528A}.Debug|Any CPU.Build.0 = Debug|Any CPU
		{C6E36EFF-7CFA-4482-81F2-C7CB6B05528A}.Debug|Any CPU.Deploy.0 = Debug|Any CPU
		{C6E36EFF-7CFA-4482-81F2-C7CB6B05528A}.Release|Any CPU.ActiveCfg = Release|Any CPU
		{C6E36EFF-7CFA-4482-81F2-C7CB6B05528A}.Release|Any CPU.Build.0 = Release|Any CPU
		{C6E36EFF-7CFA-4482-81F2-C7CB6B05528A}.Release|Any CPU.Deploy.0 = Release|Any CPU
	EndGlobalSection
	GlobalSection(SolutionProperties) = preSolution
		HideSolutionNode = FALSE
	EndGlobalSection
	GlobalSection(ExtensibilityGlobals) = postSolution
		SolutionGuid = {38D9F63F-CAFC-40F7-B277-C79074222764}
	EndGlobalSection
EndGlobal
